// !$*UTF8*$!
{
	archiveVersion = 1;
	classes = {
	};
	objectVersion = 50;
	objects = {

/* Begin PBXBuildFile section */
		144C47D8737E82FF5F03CAB8 /* Pods_PunkBeerBecaTests.framework in Frameworks */ = {isa = PBXBuildFile; fileRef = 83BB307D80CB276690709E92 /* Pods_PunkBeerBecaTests.framework */; };
		4147864BCDA60B531A64DAC9 /* Pods_PunkBeerBeca.framework in Frameworks */ = {isa = PBXBuildFile; fileRef = 1F9EFA8F7167BB9C009B7507 /* Pods_PunkBeerBeca.framework */; };
		B8C123D4225CCE9000E0F089 /* AppDelegate.swift in Sources */ = {isa = PBXBuildFile; fileRef = B8C123D3225CCE9000E0F089 /* AppDelegate.swift */; };
		B8C123DB225CCE9100E0F089 /* Assets.xcassets in Resources */ = {isa = PBXBuildFile; fileRef = B8C123DA225CCE9100E0F089 /* Assets.xcassets */; };
		B8C123DE225CCE9100E0F089 /* LaunchScreen.storyboard in Resources */ = {isa = PBXBuildFile; fileRef = B8C123DC225CCE9100E0F089 /* LaunchScreen.storyboard */; };
		B8C123E9225CCE9100E0F089 /* PunkBeerBecaTests.swift in Sources */ = {isa = PBXBuildFile; fileRef = B8C123E8225CCE9100E0F089 /* PunkBeerBecaTests.swift */; };
		B8C123F4225CCE9100E0F089 /* PunkBeerBecaUITests.swift in Sources */ = {isa = PBXBuildFile; fileRef = B8C123F3225CCE9100E0F089 /* PunkBeerBecaUITests.swift */; };
		B8C12403225CCF4B00E0F089 /* PunkBeerViewController.swift in Sources */ = {isa = PBXBuildFile; fileRef = B8C12401225CCF4B00E0F089 /* PunkBeerViewController.swift */; };
		B8C12404225CCF4B00E0F089 /* PunkBeerViewController.xib in Resources */ = {isa = PBXBuildFile; fileRef = B8C12402225CCF4B00E0F089 /* PunkBeerViewController.xib */; };
		B8C1240F225CDF7A00E0F089 /* BeerItemListCollectionViewCell.swift in Sources */ = {isa = PBXBuildFile; fileRef = B8C1240D225CDF7A00E0F089 /* BeerItemListCollectionViewCell.swift */; };
		B8C12410225CDF7A00E0F089 /* BeerItemListCollectionViewCell.xib in Resources */ = {isa = PBXBuildFile; fileRef = B8C1240E225CDF7A00E0F089 /* BeerItemListCollectionViewCell.xib */; };
		B8C12413225CE9F000E0F089 /* DetailsBeerViewController.swift in Sources */ = {isa = PBXBuildFile; fileRef = B8C12411225CE9F000E0F089 /* DetailsBeerViewController.swift */; };
		B8C12414225CE9F000E0F089 /* DetailsBeerViewController.xib in Resources */ = {isa = PBXBuildFile; fileRef = B8C12412225CE9F000E0F089 /* DetailsBeerViewController.xib */; };
		B8C12418225CEE8C00E0F089 /* PunkBeerPresenter.swift in Sources */ = {isa = PBXBuildFile; fileRef = B8C12417225CEE8C00E0F089 /* PunkBeerPresenter.swift */; };
		B8C1241A225CF05900E0F089 /* Beer.swift in Sources */ = {isa = PBXBuildFile; fileRef = B8C12419225CF05900E0F089 /* Beer.swift */; };
		CB940183FA8019D009BF4605 /* Pods_PunkBeerBecaUITests.framework in Frameworks */ = {isa = PBXBuildFile; fileRef = 22E6581D4775A556B36DBF29 /* Pods_PunkBeerBecaUITests.framework */; };
/* End PBXBuildFile section */

/* Begin PBXContainerItemProxy section */
		B8C123E5225CCE9100E0F089 /* PBXContainerItemProxy */ = {
			isa = PBXContainerItemProxy;
			containerPortal = B8C123C8225CCE9000E0F089 /* Project object */;
			proxyType = 1;
			remoteGlobalIDString = B8C123CF225CCE9000E0F089;
			remoteInfo = PunkBeerBeca;
		};
		B8C123F0225CCE9100E0F089 /* PBXContainerItemProxy */ = {
			isa = PBXContainerItemProxy;
			containerPortal = B8C123C8225CCE9000E0F089 /* Project object */;
			proxyType = 1;
			remoteGlobalIDString = B8C123CF225CCE9000E0F089;
			remoteInfo = PunkBeerBeca;
		};
/* End PBXContainerItemProxy section */

/* Begin PBXFileReference section */
		02C45073F15A739230F1D178 /* Pods-PunkBeerBecaTests.release.xcconfig */ = {isa = PBXFileReference; includeInIndex = 1; lastKnownFileType = text.xcconfig; name = "Pods-PunkBeerBecaTests.release.xcconfig"; path = "Target Support Files/Pods-PunkBeerBecaTests/Pods-PunkBeerBecaTests.release.xcconfig"; sourceTree = "<group>"; };
		0CD1BB2A03F5A11AA539461C /* Pods-PunkBeerBecaUITests.debug.xcconfig */ = {isa = PBXFileReference; includeInIndex = 1; lastKnownFileType = text.xcconfig; name = "Pods-PunkBeerBecaUITests.debug.xcconfig"; path = "Target Support Files/Pods-PunkBeerBecaUITests/Pods-PunkBeerBecaUITests.debug.xcconfig"; sourceTree = "<group>"; };
		1F9EFA8F7167BB9C009B7507 /* Pods_PunkBeerBeca.framework */ = {isa = PBXFileReference; explicitFileType = wrapper.framework; includeInIndex = 0; path = Pods_PunkBeerBeca.framework; sourceTree = BUILT_PRODUCTS_DIR; };
		22E6581D4775A556B36DBF29 /* Pods_PunkBeerBecaUITests.framework */ = {isa = PBXFileReference; explicitFileType = wrapper.framework; includeInIndex = 0; path = Pods_PunkBeerBecaUITests.framework; sourceTree = BUILT_PRODUCTS_DIR; };
		25DA69DF90AB764294BAFD81 /* Pods-PunkBeerBeca.debug.xcconfig */ = {isa = PBXFileReference; includeInIndex = 1; lastKnownFileType = text.xcconfig; name = "Pods-PunkBeerBeca.debug.xcconfig"; path = "Target Support Files/Pods-PunkBeerBeca/Pods-PunkBeerBeca.debug.xcconfig"; sourceTree = "<group>"; };
		2BD396E78573530006218F43 /* Pods-PunkBeerBeca.release.xcconfig */ = {isa = PBXFileReference; includeInIndex = 1; lastKnownFileType = text.xcconfig; name = "Pods-PunkBeerBeca.release.xcconfig"; path = "Target Support Files/Pods-PunkBeerBeca/Pods-PunkBeerBeca.release.xcconfig"; sourceTree = "<group>"; };
		83BB307D80CB276690709E92 /* Pods_PunkBeerBecaTests.framework */ = {isa = PBXFileReference; explicitFileType = wrapper.framework; includeInIndex = 0; path = Pods_PunkBeerBecaTests.framework; sourceTree = BUILT_PRODUCTS_DIR; };
		A155E4F1AFD3C9F117B956B6 /* Pods-PunkBeerBecaTests.debug.xcconfig */ = {isa = PBXFileReference; includeInIndex = 1; lastKnownFileType = text.xcconfig; name = "Pods-PunkBeerBecaTests.debug.xcconfig"; path = "Target Support Files/Pods-PunkBeerBecaTests/Pods-PunkBeerBecaTests.debug.xcconfig"; sourceTree = "<group>"; };
		B8C123D0225CCE9000E0F089 /* PunkBeerBeca.app */ = {isa = PBXFileReference; explicitFileType = wrapper.application; includeInIndex = 0; path = PunkBeerBeca.app; sourceTree = BUILT_PRODUCTS_DIR; };
		B8C123D3225CCE9000E0F089 /* AppDelegate.swift */ = {isa = PBXFileReference; lastKnownFileType = sourcecode.swift; path = AppDelegate.swift; sourceTree = "<group>"; };
		B8C123DA225CCE9100E0F089 /* Assets.xcassets */ = {isa = PBXFileReference; lastKnownFileType = folder.assetcatalog; path = Assets.xcassets; sourceTree = "<group>"; };
		B8C123DD225CCE9100E0F089 /* Base */ = {isa = PBXFileReference; lastKnownFileType = file.storyboard; name = Base; path = Base.lproj/LaunchScreen.storyboard; sourceTree = "<group>"; };
		B8C123DF225CCE9100E0F089 /* Info.plist */ = {isa = PBXFileReference; lastKnownFileType = text.plist.xml; path = Info.plist; sourceTree = "<group>"; };
		B8C123E4225CCE9100E0F089 /* PunkBeerBecaTests.xctest */ = {isa = PBXFileReference; explicitFileType = wrapper.cfbundle; includeInIndex = 0; path = PunkBeerBecaTests.xctest; sourceTree = BUILT_PRODUCTS_DIR; };
		B8C123E8225CCE9100E0F089 /* PunkBeerBecaTests.swift */ = {isa = PBXFileReference; lastKnownFileType = sourcecode.swift; path = PunkBeerBecaTests.swift; sourceTree = "<group>"; };
		B8C123EA225CCE9100E0F089 /* Info.plist */ = {isa = PBXFileReference; lastKnownFileType = text.plist.xml; path = Info.plist; sourceTree = "<group>"; };
		B8C123EF225CCE9100E0F089 /* PunkBeerBecaUITests.xctest */ = {isa = PBXFileReference; explicitFileType = wrapper.cfbundle; includeInIndex = 0; path = PunkBeerBecaUITests.xctest; sourceTree = BUILT_PRODUCTS_DIR; };
		B8C123F3225CCE9100E0F089 /* PunkBeerBecaUITests.swift */ = {isa = PBXFileReference; lastKnownFileType = sourcecode.swift; path = PunkBeerBecaUITests.swift; sourceTree = "<group>"; };
		B8C123F5225CCE9100E0F089 /* Info.plist */ = {isa = PBXFileReference; lastKnownFileType = text.plist.xml; path = Info.plist; sourceTree = "<group>"; };
		B8C12401225CCF4B00E0F089 /* PunkBeerViewController.swift */ = {isa = PBXFileReference; lastKnownFileType = sourcecode.swift; path = PunkBeerViewController.swift; sourceTree = "<group>"; };
		B8C12402225CCF4B00E0F089 /* PunkBeerViewController.xib */ = {isa = PBXFileReference; lastKnownFileType = file.xib; path = PunkBeerViewController.xib; sourceTree = "<group>"; };
		B8C1240D225CDF7A00E0F089 /* BeerItemListCollectionViewCell.swift */ = {isa = PBXFileReference; lastKnownFileType = sourcecode.swift; path = BeerItemListCollectionViewCell.swift; sourceTree = "<group>"; };
		B8C1240E225CDF7A00E0F089 /* BeerItemListCollectionViewCell.xib */ = {isa = PBXFileReference; lastKnownFileType = file.xib; path = BeerItemListCollectionViewCell.xib; sourceTree = "<group>"; };
		B8C12411225CE9F000E0F089 /* DetailsBeerViewController.swift */ = {isa = PBXFileReference; lastKnownFileType = sourcecode.swift; path = DetailsBeerViewController.swift; sourceTree = "<group>"; };
		B8C12412225CE9F000E0F089 /* DetailsBeerViewController.xib */ = {isa = PBXFileReference; lastKnownFileType = file.xib; path = DetailsBeerViewController.xib; sourceTree = "<group>"; };
		B8C12417225CEE8C00E0F089 /* PunkBeerPresenter.swift */ = {isa = PBXFileReference; lastKnownFileType = sourcecode.swift; path = PunkBeerPresenter.swift; sourceTree = "<group>"; };
		B8C12419225CF05900E0F089 /* Beer.swift */ = {isa = PBXFileReference; lastKnownFileType = sourcecode.swift; path = Beer.swift; sourceTree = "<group>"; };
		DF85291202C68D7F26214305 /* Pods-PunkBeerBecaUITests.release.xcconfig */ = {isa = PBXFileReference; includeInIndex = 1; lastKnownFileType = text.xcconfig; name = "Pods-PunkBeerBecaUITests.release.xcconfig"; path = "Target Support Files/Pods-PunkBeerBecaUITests/Pods-PunkBeerBecaUITests.release.xcconfig"; sourceTree = "<group>"; };
/* End PBXFileReference section */

/* Begin PBXFrameworksBuildPhase section */
		B8C123CD225CCE9000E0F089 /* Frameworks */ = {
			isa = PBXFrameworksBuildPhase;
			buildActionMask = 2147483647;
			files = (
				4147864BCDA60B531A64DAC9 /* Pods_PunkBeerBeca.framework in Frameworks */,
			);
			runOnlyForDeploymentPostprocessing = 0;
		};
		B8C123E1225CCE9100E0F089 /* Frameworks */ = {
			isa = PBXFrameworksBuildPhase;
			buildActionMask = 2147483647;
			files = (
				144C47D8737E82FF5F03CAB8 /* Pods_PunkBeerBecaTests.framework in Frameworks */,
			);
			runOnlyForDeploymentPostprocessing = 0;
		};
		B8C123EC225CCE9100E0F089 /* Frameworks */ = {
			isa = PBXFrameworksBuildPhase;
			buildActionMask = 2147483647;
			files = (
				CB940183FA8019D009BF4605 /* Pods_PunkBeerBecaUITests.framework in Frameworks */,
			);
			runOnlyForDeploymentPostprocessing = 0;
		};
/* End PBXFrameworksBuildPhase section */

/* Begin PBXGroup section */
		B8C123C7225CCE9000E0F089 = {
			isa = PBXGroup;
			children = (
				B8C123D2225CCE9000E0F089 /* PunkBeerBeca */,
				B8C123E7225CCE9100E0F089 /* PunkBeerBecaTests */,
				B8C123F2225CCE9100E0F089 /* PunkBeerBecaUITests */,
				B8C123D1225CCE9000E0F089 /* Products */,
				BD3A040888EDA37A108CB9BC /* Pods */,
				F0189C392CF8EE7AE45AC2C6 /* Frameworks */,
			);
			sourceTree = "<group>";
		};
		B8C123D1225CCE9000E0F089 /* Products */ = {
			isa = PBXGroup;
			children = (
				B8C123D0225CCE9000E0F089 /* PunkBeerBeca.app */,
				B8C123E4225CCE9100E0F089 /* PunkBeerBecaTests.xctest */,
				B8C123EF225CCE9100E0F089 /* PunkBeerBecaUITests.xctest */,
			);
			name = Products;
			sourceTree = "<group>";
		};
		B8C123D2225CCE9000E0F089 /* PunkBeerBeca */ = {
			isa = PBXGroup;
			children = (
				B8C123D3225CCE9000E0F089 /* AppDelegate.swift */,
				B8C123DA225CCE9100E0F089 /* Assets.xcassets */,
				B8C123DC225CCE9100E0F089 /* LaunchScreen.storyboard */,
				B8C123DF225CCE9100E0F089 /* Info.plist */,
				B8C12405225CCF5200E0F089 /* Scenes */,
			);
			path = PunkBeerBeca;
			sourceTree = "<group>";
		};
		B8C123E7225CCE9100E0F089 /* PunkBeerBecaTests */ = {
			isa = PBXGroup;
			children = (
				B8C123E8225CCE9100E0F089 /* PunkBeerBecaTests.swift */,
				B8C123EA225CCE9100E0F089 /* Info.plist */,
			);
			path = PunkBeerBecaTests;
			sourceTree = "<group>";
		};
		B8C123F2225CCE9100E0F089 /* PunkBeerBecaUITests */ = {
			isa = PBXGroup;
			children = (
				B8C123F3225CCE9100E0F089 /* PunkBeerBecaUITests.swift */,
				B8C123F5225CCE9100E0F089 /* Info.plist */,
			);
			path = PunkBeerBecaUITests;
			sourceTree = "<group>";
		};
		B8C12405225CCF5200E0F089 /* Scenes */ = {
			isa = PBXGroup;
			children = (
				B8C12406225CCF7000E0F089 /* PunkBeer */,
				B8C12415225CE9F600E0F089 /* DetailsBeer */,
			);
			path = Scenes;
			sourceTree = "<group>";
		};
		B8C12406225CCF7000E0F089 /* PunkBeer */ = {
			isa = PBXGroup;
			children = (
				B8C1241B225CF25E00E0F089 /* Model */,
				B8C12407225CCF9E00E0F089 /* ViewController */,
				B8C1240C225CDF0500E0F089 /* CollectionViewCell */,
				B8C1241C225CF26700E0F089 /* Presenter */,
			);
			path = PunkBeer;
			sourceTree = "<group>";
		};
		B8C12407225CCF9E00E0F089 /* ViewController */ = {
			isa = PBXGroup;
			children = (
				B8C12401225CCF4B00E0F089 /* PunkBeerViewController.swift */,
				B8C12402225CCF4B00E0F089 /* PunkBeerViewController.xib */,
			);
			path = ViewController;
			sourceTree = "<group>";
		};
		B8C1240C225CDF0500E0F089 /* CollectionViewCell */ = {
			isa = PBXGroup;
			children = (
				B8C1240D225CDF7A00E0F089 /* BeerItemListCollectionViewCell.swift */,
				B8C1240E225CDF7A00E0F089 /* BeerItemListCollectionViewCell.xib */,
			);
			path = CollectionViewCell;
			sourceTree = "<group>";
		};
		B8C12415225CE9F600E0F089 /* DetailsBeer */ = {
			isa = PBXGroup;
			children = (
				B8C12416225CE9FE00E0F089 /* ViewController */,
			);
			path = DetailsBeer;
			sourceTree = "<group>";
		};
		B8C12416225CE9FE00E0F089 /* ViewController */ = {
			isa = PBXGroup;
			children = (
				B8C12411225CE9F000E0F089 /* DetailsBeerViewController.swift */,
				B8C12412225CE9F000E0F089 /* DetailsBeerViewController.xib */,
			);
			path = ViewController;
			sourceTree = "<group>";
		};
		B8C1241B225CF25E00E0F089 /* Model */ = {
			isa = PBXGroup;
			children = (
				B8C12419225CF05900E0F089 /* Beer.swift */,
			);
			path = Model;
			sourceTree = "<group>";
		};
		B8C1241C225CF26700E0F089 /* Presenter */ = {
			isa = PBXGroup;
			children = (
				B8C12417225CEE8C00E0F089 /* PunkBeerPresenter.swift */,
			);
			path = Presenter;
			sourceTree = "<group>";
		};
		BD3A040888EDA37A108CB9BC /* Pods */ = {
			isa = PBXGroup;
			children = (
				25DA69DF90AB764294BAFD81 /* Pods-PunkBeerBeca.debug.xcconfig */,
				2BD396E78573530006218F43 /* Pods-PunkBeerBeca.release.xcconfig */,
				A155E4F1AFD3C9F117B956B6 /* Pods-PunkBeerBecaTests.debug.xcconfig */,
				02C45073F15A739230F1D178 /* Pods-PunkBeerBecaTests.release.xcconfig */,
				0CD1BB2A03F5A11AA539461C /* Pods-PunkBeerBecaUITests.debug.xcconfig */,
				DF85291202C68D7F26214305 /* Pods-PunkBeerBecaUITests.release.xcconfig */,
			);
			name = Pods;
			path = Pods;
			sourceTree = "<group>";
		};
		F0189C392CF8EE7AE45AC2C6 /* Frameworks */ = {
			isa = PBXGroup;
			children = (
				1F9EFA8F7167BB9C009B7507 /* Pods_PunkBeerBeca.framework */,
				83BB307D80CB276690709E92 /* Pods_PunkBeerBecaTests.framework */,
				22E6581D4775A556B36DBF29 /* Pods_PunkBeerBecaUITests.framework */,
			);
			name = Frameworks;
			sourceTree = "<group>";
		};
/* End PBXGroup section */

/* Begin PBXNativeTarget section */
		B8C123CF225CCE9000E0F089 /* PunkBeerBeca */ = {
			isa = PBXNativeTarget;
			buildConfigurationList = B8C123F8225CCE9100E0F089 /* Build configuration list for PBXNativeTarget "PunkBeerBeca" */;
			buildPhases = (
				44124473DE66114CB7917D00 /* [CP] Check Pods Manifest.lock */,
				B8C123CC225CCE9000E0F089 /* Sources */,
				B8C123CD225CCE9000E0F089 /* Frameworks */,
				B8C123CE225CCE9000E0F089 /* Resources */,
				73059A259A7D329B562B48EA /* [CP] Embed Pods Frameworks */,
			);
			buildRules = (
			);
			dependencies = (
			);
			name = PunkBeerBeca;
			productName = PunkBeerBeca;
			productReference = B8C123D0225CCE9000E0F089 /* PunkBeerBeca.app */;
			productType = "com.apple.product-type.application";
		};
		B8C123E3225CCE9100E0F089 /* PunkBeerBecaTests */ = {
			isa = PBXNativeTarget;
			buildConfigurationList = B8C123FB225CCE9100E0F089 /* Build configuration list for PBXNativeTarget "PunkBeerBecaTests" */;
			buildPhases = (
				4DEA02F81D2DB8E8A51C11BA /* [CP] Check Pods Manifest.lock */,
				B8C123E0225CCE9100E0F089 /* Sources */,
				B8C123E1225CCE9100E0F089 /* Frameworks */,
				B8C123E2225CCE9100E0F089 /* Resources */,
			);
			buildRules = (
			);
			dependencies = (
				B8C123E6225CCE9100E0F089 /* PBXTargetDependency */,
			);
			name = PunkBeerBecaTests;
			productName = PunkBeerBecaTests;
			productReference = B8C123E4225CCE9100E0F089 /* PunkBeerBecaTests.xctest */;
			productType = "com.apple.product-type.bundle.unit-test";
		};
		B8C123EE225CCE9100E0F089 /* PunkBeerBecaUITests */ = {
			isa = PBXNativeTarget;
			buildConfigurationList = B8C123FE225CCE9100E0F089 /* Build configuration list for PBXNativeTarget "PunkBeerBecaUITests" */;
			buildPhases = (
				2D47160BEA6330C45366B3A0 /* [CP] Check Pods Manifest.lock */,
				B8C123EB225CCE9100E0F089 /* Sources */,
				B8C123EC225CCE9100E0F089 /* Frameworks */,
				B8C123ED225CCE9100E0F089 /* Resources */,
			);
			buildRules = (
			);
			dependencies = (
				B8C123F1225CCE9100E0F089 /* PBXTargetDependency */,
			);
			name = PunkBeerBecaUITests;
			productName = PunkBeerBecaUITests;
			productReference = B8C123EF225CCE9100E0F089 /* PunkBeerBecaUITests.xctest */;
			productType = "com.apple.product-type.bundle.ui-testing";
		};
/* End PBXNativeTarget section */

/* Begin PBXProject section */
		B8C123C8225CCE9000E0F089 /* Project object */ = {
			isa = PBXProject;
			attributes = {
				LastSwiftUpdateCheck = 1020;
				LastUpgradeCheck = 1020;
				ORGANIZATIONNAME = "Gabriel Henrique Santos Pereira";
				TargetAttributes = {
					B8C123CF225CCE9000E0F089 = {
						CreatedOnToolsVersion = 10.2;
					};
					B8C123E3225CCE9100E0F089 = {
						CreatedOnToolsVersion = 10.2;
						TestTargetID = B8C123CF225CCE9000E0F089;
					};
					B8C123EE225CCE9100E0F089 = {
						CreatedOnToolsVersion = 10.2;
						TestTargetID = B8C123CF225CCE9000E0F089;
					};
				};
			};
			buildConfigurationList = B8C123CB225CCE9000E0F089 /* Build configuration list for PBXProject "PunkBeerBeca" */;
			compatibilityVersion = "Xcode 9.3";
			developmentRegion = en;
			hasScannedForEncodings = 0;
			knownRegions = (
				en,
				Base,
			);
			mainGroup = B8C123C7225CCE9000E0F089;
			productRefGroup = B8C123D1225CCE9000E0F089 /* Products */;
			projectDirPath = "";
			projectRoot = "";
			targets = (
				B8C123CF225CCE9000E0F089 /* PunkBeerBeca */,
				B8C123E3225CCE9100E0F089 /* PunkBeerBecaTests */,
				B8C123EE225CCE9100E0F089 /* PunkBeerBecaUITests */,
			);
		};
/* End PBXProject section */

/* Begin PBXResourcesBuildPhase section */
		B8C123CE225CCE9000E0F089 /* Resources */ = {
			isa = PBXResourcesBuildPhase;
			buildActionMask = 2147483647;
			files = (
				B8C123DE225CCE9100E0F089 /* LaunchScreen.storyboard in Resources */,
				B8C123DB225CCE9100E0F089 /* Assets.xcassets in Resources */,
				B8C12414225CE9F000E0F089 /* DetailsBeerViewController.xib in Resources */,
				B8C12404225CCF4B00E0F089 /* PunkBeerViewController.xib in Resources */,
				B8C12410225CDF7A00E0F089 /* BeerItemListCollectionViewCell.xib in Resources */,
			);
			runOnlyForDeploymentPostprocessing = 0;
		};
		B8C123E2225CCE9100E0F089 /* Resources */ = {
			isa = PBXResourcesBuildPhase;
			buildActionMask = 2147483647;
			files = (
			);
			runOnlyForDeploymentPostprocessing = 0;
		};
		B8C123ED225CCE9100E0F089 /* Resources */ = {
			isa = PBXResourcesBuildPhase;
			buildActionMask = 2147483647;
			files = (
			);
			runOnlyForDeploymentPostprocessing = 0;
		};
/* End PBXResourcesBuildPhase section */

/* Begin PBXShellScriptBuildPhase section */
		2D47160BEA6330C45366B3A0 /* [CP] Check Pods Manifest.lock */ = {
			isa = PBXShellScriptBuildPhase;
			buildActionMask = 2147483647;
			files = (
			);
			inputFileListPaths = (
			);
			inputPaths = (
				"${PODS_PODFILE_DIR_PATH}/Podfile.lock",
				"${PODS_ROOT}/Manifest.lock",
			);
			name = "[CP] Check Pods Manifest.lock";
			outputFileListPaths = (
			);
			outputPaths = (
				"$(DERIVED_FILE_DIR)/Pods-PunkBeerBecaUITests-checkManifestLockResult.txt",
			);
			runOnlyForDeploymentPostprocessing = 0;
			shellPath = /bin/sh;
			shellScript = "diff \"${PODS_PODFILE_DIR_PATH}/Podfile.lock\" \"${PODS_ROOT}/Manifest.lock\" > /dev/null\nif [ $? != 0 ] ; then\n    # print error to STDERR\n    echo \"error: The sandbox is not in sync with the Podfile.lock. Run 'pod install' or update your CocoaPods installation.\" >&2\n    exit 1\nfi\n# This output is used by Xcode 'outputs' to avoid re-running this script phase.\necho \"SUCCESS\" > \"${SCRIPT_OUTPUT_FILE_0}\"\n";
			showEnvVarsInLog = 0;
		};
		44124473DE66114CB7917D00 /* [CP] Check Pods Manifest.lock */ = {
			isa = PBXShellScriptBuildPhase;
			buildActionMask = 2147483647;
			files = (
			);
			inputFileListPaths = (
			);
			inputPaths = (
				"${PODS_PODFILE_DIR_PATH}/Podfile.lock",
				"${PODS_ROOT}/Manifest.lock",
			);
			name = "[CP] Check Pods Manifest.lock";
			outputFileListPaths = (
			);
			outputPaths = (
				"$(DERIVED_FILE_DIR)/Pods-PunkBeerBeca-checkManifestLockResult.txt",
			);
			runOnlyForDeploymentPostprocessing = 0;
			shellPath = /bin/sh;
			shellScript = "diff \"${PODS_PODFILE_DIR_PATH}/Podfile.lock\" \"${PODS_ROOT}/Manifest.lock\" > /dev/null\nif [ $? != 0 ] ; then\n    # print error to STDERR\n    echo \"error: The sandbox is not in sync with the Podfile.lock. Run 'pod install' or update your CocoaPods installation.\" >&2\n    exit 1\nfi\n# This output is used by Xcode 'outputs' to avoid re-running this script phase.\necho \"SUCCESS\" > \"${SCRIPT_OUTPUT_FILE_0}\"\n";
			showEnvVarsInLog = 0;
		};
		4DEA02F81D2DB8E8A51C11BA /* [CP] Check Pods Manifest.lock */ = {
			isa = PBXShellScriptBuildPhase;
			buildActionMask = 2147483647;
			files = (
			);
			inputFileListPaths = (
			);
			inputPaths = (
				"${PODS_PODFILE_DIR_PATH}/Podfile.lock",
				"${PODS_ROOT}/Manifest.lock",
			);
			name = "[CP] Check Pods Manifest.lock";
			outputFileListPaths = (
			);
			outputPaths = (
				"$(DERIVED_FILE_DIR)/Pods-PunkBeerBecaTests-checkManifestLockResult.txt",
			);
			runOnlyForDeploymentPostprocessing = 0;
			shellPath = /bin/sh;
			shellScript = "diff \"${PODS_PODFILE_DIR_PATH}/Podfile.lock\" \"${PODS_ROOT}/Manifest.lock\" > /dev/null\nif [ $? != 0 ] ; then\n    # print error to STDERR\n    echo \"error: The sandbox is not in sync with the Podfile.lock. Run 'pod install' or update your CocoaPods installation.\" >&2\n    exit 1\nfi\n# This output is used by Xcode 'outputs' to avoid re-running this script phase.\necho \"SUCCESS\" > \"${SCRIPT_OUTPUT_FILE_0}\"\n";
			showEnvVarsInLog = 0;
		};
		73059A259A7D329B562B48EA /* [CP] Embed Pods Frameworks */ = {
			isa = PBXShellScriptBuildPhase;
			buildActionMask = 2147483647;
			files = (
			);
			inputFileListPaths = (
			);
			inputPaths = (
				"${PODS_ROOT}/Target Support Files/Pods-PunkBeerBeca/Pods-PunkBeerBeca-frameworks.sh",
				"${BUILT_PRODUCTS_DIR}/SDWebImage/SDWebImage.framework",
				"${BUILT_PRODUCTS_DIR}/SVProgressHUD/SVProgressHUD.framework",
			);
			name = "[CP] Embed Pods Frameworks";
			outputFileListPaths = (
			);
			outputPaths = (
				"${TARGET_BUILD_DIR}/${FRAMEWORKS_FOLDER_PATH}/SDWebImage.framework",
				"${TARGET_BUILD_DIR}/${FRAMEWORKS_FOLDER_PATH}/SVProgressHUD.framework",
			);
			runOnlyForDeploymentPostprocessing = 0;
			shellPath = /bin/sh;
			shellScript = "\"${PODS_ROOT}/Target Support Files/Pods-PunkBeerBeca/Pods-PunkBeerBeca-frameworks.sh\"\n";
			showEnvVarsInLog = 0;
		};
/* End PBXShellScriptBuildPhase section */

/* Begin PBXSourcesBuildPhase section */
		B8C123CC225CCE9000E0F089 /* Sources */ = {
			isa = PBXSourcesBuildPhase;
			buildActionMask = 2147483647;
			files = (
				B8C1240F225CDF7A00E0F089 /* BeerItemListCollectionViewCell.swift in Sources */,
				B8C1241A225CF05900E0F089 /* Beer.swift in Sources */,
				B8C12413225CE9F000E0F089 /* DetailsBeerViewController.swift in Sources */,
				B8C12403225CCF4B00E0F089 /* PunkBeerViewController.swift in Sources */,
				B8C12418225CEE8C00E0F089 /* PunkBeerPresenter.swift in Sources */,
				B8C123D4225CCE9000E0F089 /* AppDelegate.swift in Sources */,
			);
			runOnlyForDeploymentPostprocessing = 0;
		};
		B8C123E0225CCE9100E0F089 /* Sources */ = {
			isa = PBXSourcesBuildPhase;
			buildActionMask = 2147483647;
			files = (
				B8C123E9225CCE9100E0F089 /* PunkBeerBecaTests.swift in Sources */,
			);
			runOnlyForDeploymentPostprocessing = 0;
		};
		B8C123EB225CCE9100E0F089 /* Sources */ = {
			isa = PBXSourcesBuildPhase;
			buildActionMask = 2147483647;
			files = (
				B8C123F4225CCE9100E0F089 /* PunkBeerBecaUITests.swift in Sources */,
			);
			runOnlyForDeploymentPostprocessing = 0;
		};
/* End PBXSourcesBuildPhase section */

/* Begin PBXTargetDependency section */
		B8C123E6225CCE9100E0F089 /* PBXTargetDependency */ = {
			isa = PBXTargetDependency;
			target = B8C123CF225CCE9000E0F089 /* PunkBeerBeca */;
			targetProxy = B8C123E5225CCE9100E0F089 /* PBXContainerItemProxy */;
		};
		B8C123F1225CCE9100E0F089 /* PBXTargetDependency */ = {
			isa = PBXTargetDependency;
			target = B8C123CF225CCE9000E0F089 /* PunkBeerBeca */;
			targetProxy = B8C123F0225CCE9100E0F089 /* PBXContainerItemProxy */;
		};
/* End PBXTargetDependency section */

/* Begin PBXVariantGroup section */
		B8C123DC225CCE9100E0F089 /* LaunchScreen.storyboard */ = {
			isa = PBXVariantGroup;
			children = (
				B8C123DD225CCE9100E0F089 /* Base */,
			);
			name = LaunchScreen.storyboard;
			sourceTree = "<group>";
		};
/* End PBXVariantGroup section */

/* Begin XCBuildConfiguration section */
		B8C123F6225CCE9100E0F089 /* Debug */ = {
			isa = XCBuildConfiguration;
			buildSettings = {
				ALWAYS_SEARCH_USER_PATHS = NO;
				CLANG_ANALYZER_NONNULL = YES;
				CLANG_ANALYZER_NUMBER_OBJECT_CONVERSION = YES_AGGRESSIVE;
				CLANG_CXX_LANGUAGE_STANDARD = "gnu++14";
				CLANG_CXX_LIBRARY = "libc++";
				CLANG_ENABLE_MODULES = YES;
				CLANG_ENABLE_OBJC_ARC = YES;
				CLANG_ENABLE_OBJC_WEAK = YES;
				CLANG_WARN_BLOCK_CAPTURE_AUTORELEASING = YES;
				CLANG_WARN_BOOL_CONVERSION = YES;
				CLANG_WARN_COMMA = YES;
				CLANG_WARN_CONSTANT_CONVERSION = YES;
				CLANG_WARN_DEPRECATED_OBJC_IMPLEMENTATIONS = YES;
				CLANG_WARN_DIRECT_OBJC_ISA_USAGE = YES_ERROR;
				CLANG_WARN_DOCUMENTATION_COMMENTS = YES;
				CLANG_WARN_EMPTY_BODY = YES;
				CLANG_WARN_ENUM_CONVERSION = YES;
				CLANG_WARN_INFINITE_RECURSION = YES;
				CLANG_WARN_INT_CONVERSION = YES;
				CLANG_WARN_NON_LITERAL_NULL_CONVERSION = YES;
				CLANG_WARN_OBJC_IMPLICIT_RETAIN_SELF = YES;
				CLANG_WARN_OBJC_LITERAL_CONVERSION = YES;
				CLANG_WARN_OBJC_ROOT_CLASS = YES_ERROR;
				CLANG_WARN_RANGE_LOOP_ANALYSIS = YES;
				CLANG_WARN_STRICT_PROTOTYPES = YES;
				CLANG_WARN_SUSPICIOUS_MOVE = YES;
				CLANG_WARN_UNGUARDED_AVAILABILITY = YES_AGGRESSIVE;
				CLANG_WARN_UNREACHABLE_CODE = YES;
				CLANG_WARN__DUPLICATE_METHOD_MATCH = YES;
				CODE_SIGN_IDENTITY = "iPhone Developer";
				COPY_PHASE_STRIP = NO;
				DEBUG_INFORMATION_FORMAT = dwarf;
				ENABLE_STRICT_OBJC_MSGSEND = YES;
				ENABLE_TESTABILITY = YES;
				GCC_C_LANGUAGE_STANDARD = gnu11;
				GCC_DYNAMIC_NO_PIC = NO;
				GCC_NO_COMMON_BLOCKS = YES;
				GCC_OPTIMIZATION_LEVEL = 0;
				GCC_PREPROCESSOR_DEFINITIONS = (
					"DEBUG=1",
					"$(inherited)",
				);
				GCC_WARN_64_TO_32_BIT_CONVERSION = YES;
				GCC_WARN_ABOUT_RETURN_TYPE = YES_ERROR;
				GCC_WARN_UNDECLARED_SELECTOR = YES;
				GCC_WARN_UNINITIALIZED_AUTOS = YES_AGGRESSIVE;
				GCC_WARN_UNUSED_FUNCTION = YES;
				GCC_WARN_UNUSED_VARIABLE = YES;
				IPHONEOS_DEPLOYMENT_TARGET = 12.2;
				MTL_ENABLE_DEBUG_INFO = INCLUDE_SOURCE;
				MTL_FAST_MATH = YES;
				ONLY_ACTIVE_ARCH = YES;
				SDKROOT = iphoneos;
				SWIFT_ACTIVE_COMPILATION_CONDITIONS = DEBUG;
				SWIFT_OPTIMIZATION_LEVEL = "-Onone";
			};
			name = Debug;
		};
		B8C123F7225CCE9100E0F089 /* Release */ = {
			isa = XCBuildConfiguration;
			buildSettings = {
				ALWAYS_SEARCH_USER_PATHS = NO;
				CLANG_ANALYZER_NONNULL = YES;
				CLANG_ANALYZER_NUMBER_OBJECT_CONVERSION = YES_AGGRESSIVE;
				CLANG_CXX_LANGUAGE_STANDARD = "gnu++14";
				CLANG_CXX_LIBRARY = "libc++";
				CLANG_ENABLE_MODULES = YES;
				CLANG_ENABLE_OBJC_ARC = YES;
				CLANG_ENABLE_OBJC_WEAK = YES;
				CLANG_WARN_BLOCK_CAPTURE_AUTORELEASING = YES;
				CLANG_WARN_BOOL_CONVERSION = YES;
				CLANG_WARN_COMMA = YES;
				CLANG_WARN_CONSTANT_CONVERSION = YES;
				CLANG_WARN_DEPRECATED_OBJC_IMPLEMENTATIONS = YES;
				CLANG_WARN_DIRECT_OBJC_ISA_USAGE = YES_ERROR;
				CLANG_WARN_DOCUMENTATION_COMMENTS = YES;
				CLANG_WARN_EMPTY_BODY = YES;
				CLANG_WARN_ENUM_CONVERSION = YES;
				CLANG_WARN_INFINITE_RECURSION = YES;
				CLANG_WARN_INT_CONVERSION = YES;
				CLANG_WARN_NON_LITERAL_NULL_CONVERSION = YES;
				CLANG_WARN_OBJC_IMPLICIT_RETAIN_SELF = YES;
				CLANG_WARN_OBJC_LITERAL_CONVERSION = YES;
				CLANG_WARN_OBJC_ROOT_CLASS = YES_ERROR;
				CLANG_WARN_RANGE_LOOP_ANALYSIS = YES;
				CLANG_WARN_STRICT_PROTOTYPES = YES;
				CLANG_WARN_SUSPICIOUS_MOVE = YES;
				CLANG_WARN_UNGUARDED_AVAILABILITY = YES_AGGRESSIVE;
				CLANG_WARN_UNREACHABLE_CODE = YES;
				CLANG_WARN__DUPLICATE_METHOD_MATCH = YES;
				CODE_SIGN_IDENTITY = "iPhone Developer";
				COPY_PHASE_STRIP = NO;
				DEBUG_INFORMATION_FORMAT = "dwarf-with-dsym";
				ENABLE_NS_ASSERTIONS = NO;
				ENABLE_STRICT_OBJC_MSGSEND = YES;
				GCC_C_LANGUAGE_STANDARD = gnu11;
				GCC_NO_COMMON_BLOCKS = YES;
				GCC_WARN_64_TO_32_BIT_CONVERSION = YES;
				GCC_WARN_ABOUT_RETURN_TYPE = YES_ERROR;
				GCC_WARN_UNDECLARED_SELECTOR = YES;
				GCC_WARN_UNINITIALIZED_AUTOS = YES_AGGRESSIVE;
				GCC_WARN_UNUSED_FUNCTION = YES;
				GCC_WARN_UNUSED_VARIABLE = YES;
				IPHONEOS_DEPLOYMENT_TARGET = 12.2;
				MTL_ENABLE_DEBUG_INFO = NO;
				MTL_FAST_MATH = YES;
				SDKROOT = iphoneos;
				SWIFT_COMPILATION_MODE = wholemodule;
				SWIFT_OPTIMIZATION_LEVEL = "-O";
				VALIDATE_PRODUCT = YES;
			};
			name = Release;
		};
		B8C123F9225CCE9100E0F089 /* Debug */ = {
			isa = XCBuildConfiguration;
			baseConfigurationReference = 25DA69DF90AB764294BAFD81 /* Pods-PunkBeerBeca.debug.xcconfig */;
			buildSettings = {
				ASSETCATALOG_COMPILER_APPICON_NAME = AppIcon;
				CODE_SIGN_STYLE = Automatic;
				INFOPLIST_FILE = PunkBeerBeca/Info.plist;
				LD_RUNPATH_SEARCH_PATHS = (
					"$(inherited)",
					"@executable_path/Frameworks",
				);
				PRODUCT_BUNDLE_IDENTIFIER = com.everis.PunkBeerBeca;
				PRODUCT_NAME = "$(TARGET_NAME)";
				SWIFT_VERSION = 5.0;
				TARGETED_DEVICE_FAMILY = "1,2";
			};
			name = Debug;
		};
		B8C123FA225CCE9100E0F089 /* Release */ = {
			isa = XCBuildConfiguration;
			baseConfigurationReference = 2BD396E78573530006218F43 /* Pods-PunkBeerBeca.release.xcconfig */;
			buildSettings = {
				ASSETCATALOG_COMPILER_APPICON_NAME = AppIcon;
				CODE_SIGN_STYLE = Automatic;
				INFOPLIST_FILE = PunkBeerBeca/Info.plist;
				LD_RUNPATH_SEARCH_PATHS = (
					"$(inherited)",
					"@executable_path/Frameworks",
				);
				PRODUCT_BUNDLE_IDENTIFIER = com.everis.PunkBeerBeca;
				PRODUCT_NAME = "$(TARGET_NAME)";
				SWIFT_VERSION = 5.0;
				TARGETED_DEVICE_FAMILY = "1,2";
			};
			name = Release;
		};
		B8C123FC225CCE9100E0F089 /* Debug */ = {
			isa = XCBuildConfiguration;
			baseConfigurationReference = A155E4F1AFD3C9F117B956B6 /* Pods-PunkBeerBecaTests.debug.xcconfig */;
			buildSettings = {
				ALWAYS_EMBED_SWIFT_STANDARD_LIBRARIES = YES;
				BUNDLE_LOADER = "$(TEST_HOST)";
				CODE_SIGN_STYLE = Automatic;
				INFOPLIST_FILE = PunkBeerBecaTests/Info.plist;
				LD_RUNPATH_SEARCH_PATHS = (
					"$(inherited)",
					"@executable_path/Frameworks",
					"@loader_path/Frameworks",
				);
				PRODUCT_BUNDLE_IDENTIFIER = com.everis.PunkBeerBecaTests;
				PRODUCT_NAME = "$(TARGET_NAME)";
				SWIFT_VERSION = 5.0;
				TARGETED_DEVICE_FAMILY = "1,2";
				TEST_HOST = "$(BUILT_PRODUCTS_DIR)/PunkBeerBeca.app/PunkBeerBeca";
			};
			name = Debug;
		};
		B8C123FD225CCE9100E0F089 /* Release */ = {
			isa = XCBuildConfiguration;
			baseConfigurationReference = 02C45073F15A739230F1D178 /* Pods-PunkBeerBecaTests.release.xcconfig */;
			buildSettings = {
				ALWAYS_EMBED_SWIFT_STANDARD_LIBRARIES = YES;
				BUNDLE_LOADER = "$(TEST_HOST)";
				CODE_SIGN_STYLE = Automatic;
				INFOPLIST_FILE = PunkBeerBecaTests/Info.plist;
				LD_RUNPATH_SEARCH_PATHS = (
					"$(inherited)",
					"@executable_path/Frameworks",
					"@loader_path/Frameworks",
				);
				PRODUCT_BUNDLE_IDENTIFIER = com.everis.PunkBeerBecaTests;
				PRODUCT_NAME = "$(TARGET_NAME)";
				SWIFT_VERSION = 5.0;
				TARGETED_DEVICE_FAMILY = "1,2";
				TEST_HOST = "$(BUILT_PRODUCTS_DIR)/PunkBeerBeca.app/PunkBeerBeca";
			};
			name = Release;
		};
		B8C123FF225CCE9100E0F089 /* Debug */ = {
			isa = XCBuildConfiguration;
			baseConfigurationReference = 0CD1BB2A03F5A11AA539461C /* Pods-PunkBeerBecaUITests.debug.xcconfig */;
			buildSettings = {
				ALWAYS_EMBED_SWIFT_STANDARD_LIBRARIES = YES;
				CODE_SIGN_STYLE = Automatic;
				INFOPLIST_FILE = PunkBeerBecaUITests/Info.plist;
				LD_RUNPATH_SEARCH_PATHS = (
					"$(inherited)",
					"@executable_path/Frameworks",
					"@loader_path/Frameworks",
				);
				PRODUCT_BUNDLE_IDENTIFIER = com.everis.PunkBeerBecaUITests;
				PRODUCT_NAME = "$(TARGET_NAME)";
				SWIFT_VERSION = 5.0;
				TARGETED_DEVICE_FAMILY = "1,2";
				TEST_TARGET_NAME = PunkBeerBeca;
			};
			name = Debug;
		};
		B8C12400225CCE9100E0F089 /* Release */ = {
			isa = XCBuildConfiguration;
			baseConfigurationReference = DF85291202C68D7F26214305 /* Pods-PunkBeerBecaUITests.release.xcconfig */;
			buildSettings = {
				ALWAYS_EMBED_SWIFT_STANDARD_LIBRARIES = YES;
				CODE_SIGN_STYLE = Automatic;
				INFOPLIST_FILE = PunkBeerBecaUITests/Info.plist;
				LD_RUNPATH_SEARCH_PATHS = (
					"$(inherited)",
					"@executable_path/Frameworks",
					"@loader_path/Frameworks",
				);
				PRODUCT_BUNDLE_IDENTIFIER = com.everis.PunkBeerBecaUITests;
				PRODUCT_NAME = "$(TARGET_NAME)";
				SWIFT_VERSION = 5.0;
				TARGETED_DEVICE_FAMILY = "1,2";
				TEST_TARGET_NAME = PunkBeerBeca;
			};
			name = Release;
		};
/* End XCBuildConfiguration section */

/* Begin XCConfigurationList section */
		B8C123CB225CCE9000E0F089 /* Build configuration list for PBXProject "PunkBeerBeca" */ = {
			isa = XCConfigurationList;
			buildConfigurations = (
				B8C123F6225CCE9100E0F089 /* Debug */,
				B8C123F7225CCE9100E0F089 /* Release */,
			);
			defaultConfigurationIsVisible = 0;
			defaultConfigurationName = Release;
		};
		B8C123F8225CCE9100E0F089 /* Build configuration list for PBXNativeTarget "PunkBeerBeca" */ = {
			isa = XCConfigurationList;
			buildConfigurations = (
				B8C123F9225CCE9100E0F089 /* Debug */,
				B8C123FA225CCE9100E0F089 /* Release */,
			);
			defaultConfigurationIsVisible = 0;
			defaultConfigurationName = Release;
		};
		B8C123FB225CCE9100E0F089 /* Build configuration list for PBXNativeTarget "PunkBeerBecaTests" */ = {
			isa = XCConfigurationList;
			buildConfigurations = (
				B8C123FC225CCE9100E0F089 /* Debug */,
				B8C123FD225CCE9100E0F089 /* Release */,
			);
			defaultConfigurationIsVisible = 0;
			defaultConfigurationName = Release;
		};
		B8C123FE225CCE9100E0F089 /* Build configuration list for PBXNativeTarget "PunkBeerBecaUITests" */ = {
			isa = XCConfigurationList;
			buildConfigurations = (
				B8C123FF225CCE9100E0F089 /* Debug */,
				B8C12400225CCE9100E0F089 /* Release */,
			);
			defaultConfigurationIsVisible = 0;
			defaultConfigurationName = Release;
		};
/* End XCConfigurationList section */
	};
	rootObject = B8C123C8225CCE9000E0F089 /* Project object */;
}
